
Microsoft Visual Studio Solution File, Format Version 12.00
# Visual Studio Version 17
VisualStudioVersion = 17.10.34928.147
MinimumVisualStudioVersion = 10.0.40219.1
Project("{8BC9CEB8-8B4A-11D0-8D11-00A0C91BC942}") = "hw8.2.nosplit", "hw8.2.nosplit.vcxproj", "{5AAADBE0-492D-4D4E-9CEE-590C0AB397F6}"
EndProject
Global
	GlobalSection(SolutionConfigurationPlatforms) = preSolution
		Debug|x64 = Debug|x64
		Debug|x86 = Debug|x86
		Release|x64 = Release|x64
		Release|x86 = Release|x86
	EndGlobalSection
	GlobalSection(ProjectConfigurationPlatforms) = postSolution
		{5AAADBE0-492D-4D4E-9CEE-590C0AB397F6}.Debug|x64.ActiveCfg = Debug|x64
		{5AAADBE0-492D-4D4E-9CEE-590C0AB397F6}.Debug|x64.Build.0 = Debug|x64
		{5AAADBE0-492D-4D4E-9CEE-590C0AB397F6}.Debug|x86.ActiveCfg = Debug|Win32
		{5AAADBE0-492D-4D4E-9CEE-590C0AB397F6}.Debug|x86.Build.0 = Debug|Win32
		{5AAADBE0-492D-4D4E-9CEE-590C0AB397F6}.Release|x64.ActiveCfg = Release|x64
		{5AAADBE0-492D-4D4E-9CEE-590C0AB397F6}.Release|x64.Build.0 = Release|x64
		{5AAADBE0-492D-4D4E-9CEE-590C0AB397F6}.Release|x86.ActiveCfg = Release|Win32
		{5AAADBE0-492D-4D4E-9CEE-590C0AB397F6}.Release|x86.Build.0 = Release|Win32
	EndGlobalSection
	GlobalSection(SolutionProperties) = preSolution
		HideSolutionNode = FALSE
	EndGlobalSection
	GlobalSection(ExtensibilityGlobals) = postSolution
		SolutionGuid = {3669FE58-3CBF-4512-95F0-B985C433E9E7}
	EndGlobalSection
EndGlobal
